
Microsoft Visual Studio Solution File, Format Version 12.00
# Visual Studio 15
VisualStudioVersion = 15.0.27428.2002
MinimumVisualStudioVersion = 10.0.40219.1
Project("{9A19103F-16F7-4668-BE54-9A1E7A4F7556}") = "Sommerhuse", "Sommerhuse\Sommerhuse.csproj", "{5B7D61EF-EB81-45A6-93B3-6A43B9D9F458}"
EndProject
Global
	GlobalSection(SolutionConfigurationPlatforms) = preSolution
		Debug|Any CPU = Debug|Any CPU
		Release|Any CPU = Release|Any CPU
	EndGlobalSection
	GlobalSection(ProjectConfigurationPlatforms) = postSolution
		{5B7D61EF-EB81-45A6-93B3-6A43B9D9F458}.Debug|Any CPU.ActiveCfg = Debug|Any CPU
		{5B7D61EF-EB81-45A6-93B3-6A43B9D9F458}.Debug|Any CPU.Build.0 = Debug|Any CPU
		{5B7D61EF-EB81-45A6-93B3-6A43B9D9F458}.Release|Any CPU.ActiveCfg = Release|Any CPU
		{5B7D61EF-EB81-45A6-93B3-6A43B9D9F458}.Release|Any CPU.Build.0 = Release|Any CPU
	EndGlobalSection
	GlobalSection(SolutionProperties) = preSolution
		HideSolutionNode = FALSE
	EndGlobalSection
	GlobalSection(ExtensibilityGlobals) = postSolution
		SolutionGuid = {DAEC08AE-BE6E-463A-A5F0-D489C2787BD5}
	EndGlobalSection
EndGlobal
